// !$*UTF8*$!
{
	archiveVersion = 1;
	classes = {
	};
	objectVersion = 51;
	objects = {

/* Begin PBXBuildFile section */
		195ED226C17AB35D210FB2DC /* Pods_MyOpenWeather.framework in Frameworks */ = {isa = PBXBuildFile; fileRef = 9311BD66B693E3B51F528963 /* Pods_MyOpenWeather.framework */; };
		4510B1804A34CB7837E0EF80 /* Pods_MyOpenWeather_MyOpenWeatherUITests.framework in Frameworks */ = {isa = PBXBuildFile; fileRef = 9C3707663489D17ADC5E4423 /* Pods_MyOpenWeather_MyOpenWeatherUITests.framework */; };
		B3A285E525FA4EC900BABC1B /* AppDelegate.swift in Sources */ = {isa = PBXBuildFile; fileRef = B3A285E425FA4EC900BABC1B /* AppDelegate.swift */; };
		B3A285E725FA4EC900BABC1B /* SceneDelegate.swift in Sources */ = {isa = PBXBuildFile; fileRef = B3A285E625FA4EC900BABC1B /* SceneDelegate.swift */; };
		B3A285E925FA4EC900BABC1B /* RootViewController.swift in Sources */ = {isa = PBXBuildFile; fileRef = B3A285E825FA4EC900BABC1B /* RootViewController.swift */; };
		B3A285EE25FA4ECA00BABC1B /* Assets.xcassets in Resources */ = {isa = PBXBuildFile; fileRef = B3A285ED25FA4ECA00BABC1B /* Assets.xcassets */; };
		B3A285F125FA4ECA00BABC1B /* LaunchScreen.storyboard in Resources */ = {isa = PBXBuildFile; fileRef = B3A285EF25FA4ECA00BABC1B /* LaunchScreen.storyboard */; };
		B3A285FC25FA4ECA00BABC1B /* MyOpenWeatherTests.swift in Sources */ = {isa = PBXBuildFile; fileRef = B3A285FB25FA4ECA00BABC1B /* MyOpenWeatherTests.swift */; };
		B3A2860725FA4ECA00BABC1B /* MyOpenWeatherUITests.swift in Sources */ = {isa = PBXBuildFile; fileRef = B3A2860625FA4ECA00BABC1B /* MyOpenWeatherUITests.swift */; };
		B3A2862325FA4FCD00BABC1B /* RootViewModel.swift in Sources */ = {isa = PBXBuildFile; fileRef = B3A2862225FA4FCD00BABC1B /* RootViewModel.swift */; };
		B3A2862B25FA505500BABC1B /* Constants.swift in Sources */ = {isa = PBXBuildFile; fileRef = B3A2862A25FA505500BABC1B /* Constants.swift */; };
		B3A2864425FA556900BABC1B /* WeatherClient.swift in Sources */ = {isa = PBXBuildFile; fileRef = B3A2864325FA556900BABC1B /* WeatherClient.swift */; };
		B3A2864925FA55D700BABC1B /* WeatherModel.swift in Sources */ = {isa = PBXBuildFile; fileRef = B3A2864825FA55D700BABC1B /* WeatherModel.swift */; };
		B3A2864E25FA5BC500BABC1B /* Result.swift in Sources */ = {isa = PBXBuildFile; fileRef = B3A2864D25FA5BC500BABC1B /* Result.swift */; };
		B3A2865325FA5BE400BABC1B /* APIClient.swift in Sources */ = {isa = PBXBuildFile; fileRef = B3A2865225FA5BE400BABC1B /* APIClient.swift */; };
		B3A2865825FA5C2400BABC1B /* EndPoint.swift in Sources */ = {isa = PBXBuildFile; fileRef = B3A2865725FA5C2400BABC1B /* EndPoint.swift */; };
		B3A2866D25FA630200BABC1B /* CurrentWeatherViewModel.swift in Sources */ = {isa = PBXBuildFile; fileRef = B3A2866C25FA630200BABC1B /* CurrentWeatherViewModel.swift */; };
		B3A2867925FA652A00BABC1B /* String+Extensions.swift in Sources */ = {isa = PBXBuildFile; fileRef = B3A2867425FA652A00BABC1B /* String+Extensions.swift */; };
		B3A2867A25FA652A00BABC1B /* Double+Extensions.swift in Sources */ = {isa = PBXBuildFile; fileRef = B3A2867525FA652A00BABC1B /* Double+Extensions.swift */; };
		B3A2867B25FA652A00BABC1B /* Int+Extensions.swift in Sources */ = {isa = PBXBuildFile; fileRef = B3A2867625FA652A00BABC1B /* Int+Extensions.swift */; };
		B3A2867D25FA652A00BABC1B /* Date+Extensions.swift in Sources */ = {isa = PBXBuildFile; fileRef = B3A2867825FA652A00BABC1B /* Date+Extensions.swift */; };
		B3A2868225FB5F0700BABC1B /* DailyForecastViewModel.swift in Sources */ = {isa = PBXBuildFile; fileRef = B3A2868125FB5F0700BABC1B /* DailyForecastViewModel.swift */; };
		B3A2868725FB5F9200BABC1B /* DayDetailViewModel.swift in Sources */ = {isa = PBXBuildFile; fileRef = B3A2868625FB5F9200BABC1B /* DayDetailViewModel.swift */; };
		B3A2868D25FB625C00BABC1B /* DailyForecastTableViewCell.swift in Sources */ = {isa = PBXBuildFile; fileRef = B3A2868C25FB625C00BABC1B /* DailyForecastTableViewCell.swift */; };
		B3A2869225FB65F300BABC1B /* HourlyForecastViewModel.swift in Sources */ = {isa = PBXBuildFile; fileRef = B3A2869125FB65F300BABC1B /* HourlyForecastViewModel.swift */; };
		B3A2869725FB662000BABC1B /* HourDetailViewModel.swift in Sources */ = {isa = PBXBuildFile; fileRef = B3A2869625FB662000BABC1B /* HourDetailViewModel.swift */; };
		B3A2869C25FB686200BABC1B /* HourlyForecastTableViewCell.swift in Sources */ = {isa = PBXBuildFile; fileRef = B3A2869B25FB686200BABC1B /* HourlyForecastTableViewCell.swift */; };
		B3A286A125FB830D00BABC1B /* RootViewController+UITableView.swift in Sources */ = {isa = PBXBuildFile; fileRef = B3A286A025FB830D00BABC1B /* RootViewController+UITableView.swift */; };
		B3A286A625FB9CBB00BABC1B /* CurrentWeatherTableViewCell.swift in Sources */ = {isa = PBXBuildFile; fileRef = B3A286A525FB9CBB00BABC1B /* CurrentWeatherTableViewCell.swift */; };
		B3A286B425FBB2B100BABC1B /* RootViewController+UICollectionView.swift in Sources */ = {isa = PBXBuildFile; fileRef = B3A286B325FBB2B100BABC1B /* RootViewController+UICollectionView.swift */; };
		B3A286B925FBB3A800BABC1B /* HourForecastCollectionViewCell.swift in Sources */ = {isa = PBXBuildFile; fileRef = B3A286B825FBB3A800BABC1B /* HourForecastCollectionViewCell.swift */; };
		B3A286BE25FBB68F00BABC1B /* RootView.swift in Sources */ = {isa = PBXBuildFile; fileRef = B3A286BD25FBB68F00BABC1B /* RootView.swift */; };
		B3A286C325FBDCEE00BABC1B /* CustomUI.swift in Sources */ = {isa = PBXBuildFile; fileRef = B3A286C225FBDCEE00BABC1B /* CustomUI.swift */; };
		E492B5DAE29E3CEEAEF5EAE4 /* Pods_MyOpenWeatherTests.framework in Frameworks */ = {isa = PBXBuildFile; fileRef = 7DE877019592934C1B80CD58 /* Pods_MyOpenWeatherTests.framework */; };
/* End PBXBuildFile section */

/* Begin PBXContainerItemProxy section */
		B3A285F825FA4ECA00BABC1B /* PBXContainerItemProxy */ = {
			isa = PBXContainerItemProxy;
			containerPortal = B3A285D925FA4EC900BABC1B /* Project object */;
			proxyType = 1;
			remoteGlobalIDString = B3A285E025FA4EC900BABC1B;
			remoteInfo = MyOpenWeather;
		};
		B3A2860325FA4ECA00BABC1B /* PBXContainerItemProxy */ = {
			isa = PBXContainerItemProxy;
			containerPortal = B3A285D925FA4EC900BABC1B /* Project object */;
			proxyType = 1;
			remoteGlobalIDString = B3A285E025FA4EC900BABC1B;
			remoteInfo = MyOpenWeather;
		};
/* End PBXContainerItemProxy section */

/* Begin PBXFileReference section */
		24E7B9839396278037A6BA81 /* Pods-MyOpenWeather-MyOpenWeatherUITests.debug.xcconfig */ = {isa = PBXFileReference; includeInIndex = 1; lastKnownFileType = text.xcconfig; name = "Pods-MyOpenWeather-MyOpenWeatherUITests.debug.xcconfig"; path = "Target Support Files/Pods-MyOpenWeather-MyOpenWeatherUITests/Pods-MyOpenWeather-MyOpenWeatherUITests.debug.xcconfig"; sourceTree = "<group>"; };
		576A4108B9AF965ED7308F4C /* Pods-MyOpenWeather.release.xcconfig */ = {isa = PBXFileReference; includeInIndex = 1; lastKnownFileType = text.xcconfig; name = "Pods-MyOpenWeather.release.xcconfig"; path = "Target Support Files/Pods-MyOpenWeather/Pods-MyOpenWeather.release.xcconfig"; sourceTree = "<group>"; };
		74C2F1FC8CCEE97FC8BC4700 /* Pods-MyOpenWeatherTests.debug.xcconfig */ = {isa = PBXFileReference; includeInIndex = 1; lastKnownFileType = text.xcconfig; name = "Pods-MyOpenWeatherTests.debug.xcconfig"; path = "Target Support Files/Pods-MyOpenWeatherTests/Pods-MyOpenWeatherTests.debug.xcconfig"; sourceTree = "<group>"; };
		7DE877019592934C1B80CD58 /* Pods_MyOpenWeatherTests.framework */ = {isa = PBXFileReference; explicitFileType = wrapper.framework; includeInIndex = 0; path = Pods_MyOpenWeatherTests.framework; sourceTree = BUILT_PRODUCTS_DIR; };
		9311BD66B693E3B51F528963 /* Pods_MyOpenWeather.framework */ = {isa = PBXFileReference; explicitFileType = wrapper.framework; includeInIndex = 0; path = Pods_MyOpenWeather.framework; sourceTree = BUILT_PRODUCTS_DIR; };
		9C3707663489D17ADC5E4423 /* Pods_MyOpenWeather_MyOpenWeatherUITests.framework */ = {isa = PBXFileReference; explicitFileType = wrapper.framework; includeInIndex = 0; path = Pods_MyOpenWeather_MyOpenWeatherUITests.framework; sourceTree = BUILT_PRODUCTS_DIR; };
		B3A285E125FA4EC900BABC1B /* MyOpenWeather.app */ = {isa = PBXFileReference; explicitFileType = wrapper.application; includeInIndex = 0; path = MyOpenWeather.app; sourceTree = BUILT_PRODUCTS_DIR; };
		B3A285E425FA4EC900BABC1B /* AppDelegate.swift */ = {isa = PBXFileReference; lastKnownFileType = sourcecode.swift; path = AppDelegate.swift; sourceTree = "<group>"; };
		B3A285E625FA4EC900BABC1B /* SceneDelegate.swift */ = {isa = PBXFileReference; lastKnownFileType = sourcecode.swift; path = SceneDelegate.swift; sourceTree = "<group>"; };
		B3A285E825FA4EC900BABC1B /* RootViewController.swift */ = {isa = PBXFileReference; lastKnownFileType = sourcecode.swift; path = RootViewController.swift; sourceTree = "<group>"; };
		B3A285ED25FA4ECA00BABC1B /* Assets.xcassets */ = {isa = PBXFileReference; lastKnownFileType = folder.assetcatalog; path = Assets.xcassets; sourceTree = "<group>"; };
		B3A285F025FA4ECA00BABC1B /* Base */ = {isa = PBXFileReference; lastKnownFileType = file.storyboard; name = Base; path = Base.lproj/LaunchScreen.storyboard; sourceTree = "<group>"; };
		B3A285F225FA4ECA00BABC1B /* Info.plist */ = {isa = PBXFileReference; lastKnownFileType = text.plist.xml; path = Info.plist; sourceTree = "<group>"; };
		B3A285F725FA4ECA00BABC1B /* MyOpenWeatherTests.xctest */ = {isa = PBXFileReference; explicitFileType = wrapper.cfbundle; includeInIndex = 0; path = MyOpenWeatherTests.xctest; sourceTree = BUILT_PRODUCTS_DIR; };
		B3A285FB25FA4ECA00BABC1B /* MyOpenWeatherTests.swift */ = {isa = PBXFileReference; lastKnownFileType = sourcecode.swift; path = MyOpenWeatherTests.swift; sourceTree = "<group>"; };
		B3A285FD25FA4ECA00BABC1B /* Info.plist */ = {isa = PBXFileReference; lastKnownFileType = text.plist.xml; path = Info.plist; sourceTree = "<group>"; };
		B3A2860225FA4ECA00BABC1B /* MyOpenWeatherUITests.xctest */ = {isa = PBXFileReference; explicitFileType = wrapper.cfbundle; includeInIndex = 0; path = MyOpenWeatherUITests.xctest; sourceTree = BUILT_PRODUCTS_DIR; };
		B3A2860625FA4ECA00BABC1B /* MyOpenWeatherUITests.swift */ = {isa = PBXFileReference; lastKnownFileType = sourcecode.swift; path = MyOpenWeatherUITests.swift; sourceTree = "<group>"; };
		B3A2860825FA4ECA00BABC1B /* Info.plist */ = {isa = PBXFileReference; lastKnownFileType = text.plist.xml; path = Info.plist; sourceTree = "<group>"; };
		B3A2862225FA4FCD00BABC1B /* RootViewModel.swift */ = {isa = PBXFileReference; lastKnownFileType = sourcecode.swift; path = RootViewModel.swift; sourceTree = "<group>"; };
		B3A2862A25FA505500BABC1B /* Constants.swift */ = {isa = PBXFileReference; lastKnownFileType = sourcecode.swift; path = Constants.swift; sourceTree = "<group>"; };
		B3A2864325FA556900BABC1B /* WeatherClient.swift */ = {isa = PBXFileReference; lastKnownFileType = sourcecode.swift; path = WeatherClient.swift; sourceTree = "<group>"; };
		B3A2864825FA55D700BABC1B /* WeatherModel.swift */ = {isa = PBXFileReference; lastKnownFileType = sourcecode.swift; path = WeatherModel.swift; sourceTree = "<group>"; };
		B3A2864D25FA5BC500BABC1B /* Result.swift */ = {isa = PBXFileReference; lastKnownFileType = sourcecode.swift; path = Result.swift; sourceTree = "<group>"; };
		B3A2865225FA5BE400BABC1B /* APIClient.swift */ = {isa = PBXFileReference; lastKnownFileType = sourcecode.swift; path = APIClient.swift; sourceTree = "<group>"; };
		B3A2865725FA5C2400BABC1B /* EndPoint.swift */ = {isa = PBXFileReference; lastKnownFileType = sourcecode.swift; path = EndPoint.swift; sourceTree = "<group>"; };
		B3A2866C25FA630200BABC1B /* CurrentWeatherViewModel.swift */ = {isa = PBXFileReference; lastKnownFileType = sourcecode.swift; path = CurrentWeatherViewModel.swift; sourceTree = "<group>"; };
		B3A2867425FA652A00BABC1B /* String+Extensions.swift */ = {isa = PBXFileReference; fileEncoding = 4; lastKnownFileType = sourcecode.swift; path = "String+Extensions.swift"; sourceTree = "<group>"; };
		B3A2867525FA652A00BABC1B /* Double+Extensions.swift */ = {isa = PBXFileReference; fileEncoding = 4; lastKnownFileType = sourcecode.swift; path = "Double+Extensions.swift"; sourceTree = "<group>"; };
		B3A2867625FA652A00BABC1B /* Int+Extensions.swift */ = {isa = PBXFileReference; fileEncoding = 4; lastKnownFileType = sourcecode.swift; path = "Int+Extensions.swift"; sourceTree = "<group>"; };
		B3A2867825FA652A00BABC1B /* Date+Extensions.swift */ = {isa = PBXFileReference; fileEncoding = 4; lastKnownFileType = sourcecode.swift; path = "Date+Extensions.swift"; sourceTree = "<group>"; };
		B3A2868125FB5F0700BABC1B /* DailyForecastViewModel.swift */ = {isa = PBXFileReference; lastKnownFileType = sourcecode.swift; path = DailyForecastViewModel.swift; sourceTree = "<group>"; };
		B3A2868625FB5F9200BABC1B /* DayDetailViewModel.swift */ = {isa = PBXFileReference; lastKnownFileType = sourcecode.swift; path = DayDetailViewModel.swift; sourceTree = "<group>"; };
		B3A2868C25FB625C00BABC1B /* DailyForecastTableViewCell.swift */ = {isa = PBXFileReference; lastKnownFileType = sourcecode.swift; path = DailyForecastTableViewCell.swift; sourceTree = "<group>"; };
		B3A2869125FB65F300BABC1B /* HourlyForecastViewModel.swift */ = {isa = PBXFileReference; lastKnownFileType = sourcecode.swift; path = HourlyForecastViewModel.swift; sourceTree = "<group>"; };
		B3A2869625FB662000BABC1B /* HourDetailViewModel.swift */ = {isa = PBXFileReference; lastKnownFileType = sourcecode.swift; path = HourDetailViewModel.swift; sourceTree = "<group>"; };
		B3A2869B25FB686200BABC1B /* HourlyForecastTableViewCell.swift */ = {isa = PBXFileReference; lastKnownFileType = sourcecode.swift; path = HourlyForecastTableViewCell.swift; sourceTree = "<group>"; };
		B3A286A025FB830D00BABC1B /* RootViewController+UITableView.swift */ = {isa = PBXFileReference; lastKnownFileType = sourcecode.swift; path = "RootViewController+UITableView.swift"; sourceTree = "<group>"; };
		B3A286A525FB9CBB00BABC1B /* CurrentWeatherTableViewCell.swift */ = {isa = PBXFileReference; lastKnownFileType = sourcecode.swift; path = CurrentWeatherTableViewCell.swift; sourceTree = "<group>"; };
		B3A286B325FBB2B100BABC1B /* RootViewController+UICollectionView.swift */ = {isa = PBXFileReference; lastKnownFileType = sourcecode.swift; path = "RootViewController+UICollectionView.swift"; sourceTree = "<group>"; };
		B3A286B825FBB3A800BABC1B /* HourForecastCollectionViewCell.swift */ = {isa = PBXFileReference; lastKnownFileType = sourcecode.swift; path = HourForecastCollectionViewCell.swift; sourceTree = "<group>"; };
		B3A286BD25FBB68F00BABC1B /* RootView.swift */ = {isa = PBXFileReference; lastKnownFileType = sourcecode.swift; path = RootView.swift; sourceTree = "<group>"; };
		B3A286C225FBDCEE00BABC1B /* CustomUI.swift */ = {isa = PBXFileReference; lastKnownFileType = sourcecode.swift; path = CustomUI.swift; sourceTree = "<group>"; };
		B9764CA83C7BC8D5543E267B /* Pods-MyOpenWeatherTests.release.xcconfig */ = {isa = PBXFileReference; includeInIndex = 1; lastKnownFileType = text.xcconfig; name = "Pods-MyOpenWeatherTests.release.xcconfig"; path = "Target Support Files/Pods-MyOpenWeatherTests/Pods-MyOpenWeatherTests.release.xcconfig"; sourceTree = "<group>"; };
		CC8C1A9E45452222AC10F1BE /* Pods-MyOpenWeather.debug.xcconfig */ = {isa = PBXFileReference; includeInIndex = 1; lastKnownFileType = text.xcconfig; name = "Pods-MyOpenWeather.debug.xcconfig"; path = "Target Support Files/Pods-MyOpenWeather/Pods-MyOpenWeather.debug.xcconfig"; sourceTree = "<group>"; };
		DCB7D27CEEA362A3A0109694 /* Pods-MyOpenWeather-MyOpenWeatherUITests.release.xcconfig */ = {isa = PBXFileReference; includeInIndex = 1; lastKnownFileType = text.xcconfig; name = "Pods-MyOpenWeather-MyOpenWeatherUITests.release.xcconfig"; path = "Target Support Files/Pods-MyOpenWeather-MyOpenWeatherUITests/Pods-MyOpenWeather-MyOpenWeatherUITests.release.xcconfig"; sourceTree = "<group>"; };
/* End PBXFileReference section */

/* Begin PBXFrameworksBuildPhase section */
		B3A285DE25FA4EC900BABC1B /* Frameworks */ = {
			isa = PBXFrameworksBuildPhase;
			buildActionMask = 2147483647;
			files = (
				195ED226C17AB35D210FB2DC /* Pods_MyOpenWeather.framework in Frameworks */,
			);
			runOnlyForDeploymentPostprocessing = 0;
		};
		B3A285F425FA4ECA00BABC1B /* Frameworks */ = {
			isa = PBXFrameworksBuildPhase;
			buildActionMask = 2147483647;
			files = (
				E492B5DAE29E3CEEAEF5EAE4 /* Pods_MyOpenWeatherTests.framework in Frameworks */,
			);
			runOnlyForDeploymentPostprocessing = 0;
		};
		B3A285FF25FA4ECA00BABC1B /* Frameworks */ = {
			isa = PBXFrameworksBuildPhase;
			buildActionMask = 2147483647;
			files = (
				4510B1804A34CB7837E0EF80 /* Pods_MyOpenWeather_MyOpenWeatherUITests.framework in Frameworks */,
			);
			runOnlyForDeploymentPostprocessing = 0;
		};
/* End PBXFrameworksBuildPhase section */

/* Begin PBXGroup section */
		A2C59C1653C48BE6B9BB2C10 /* Frameworks */ = {
			isa = PBXGroup;
			children = (
				9311BD66B693E3B51F528963 /* Pods_MyOpenWeather.framework */,
				9C3707663489D17ADC5E4423 /* Pods_MyOpenWeather_MyOpenWeatherUITests.framework */,
				7DE877019592934C1B80CD58 /* Pods_MyOpenWeatherTests.framework */,
			);
			name = Frameworks;
			sourceTree = "<group>";
		};
		B3A285D825FA4EC900BABC1B = {
			isa = PBXGroup;
			children = (
				B3A285E325FA4EC900BABC1B /* MyOpenWeather */,
				B3A285FA25FA4ECA00BABC1B /* MyOpenWeatherTests */,
				B3A2860525FA4ECA00BABC1B /* MyOpenWeatherUITests */,
				B3A285E225FA4EC900BABC1B /* Products */,
				BE24720A99C4EC2B76B73C24 /* Pods */,
				A2C59C1653C48BE6B9BB2C10 /* Frameworks */,
			);
			sourceTree = "<group>";
		};
		B3A285E225FA4EC900BABC1B /* Products */ = {
			isa = PBXGroup;
			children = (
				B3A285E125FA4EC900BABC1B /* MyOpenWeather.app */,
				B3A285F725FA4ECA00BABC1B /* MyOpenWeatherTests.xctest */,
				B3A2860225FA4ECA00BABC1B /* MyOpenWeatherUITests.xctest */,
			);
			name = Products;
			sourceTree = "<group>";
		};
		B3A285E325FA4EC900BABC1B /* MyOpenWeather */ = {
			isa = PBXGroup;
			children = (
				B3A2868B25FB623D00BABC1B /* Views */,
				B3A285E425FA4EC900BABC1B /* AppDelegate.swift */,
				B3A2861725FA4F4C00BABC1B /* Constants */,
				B3A2861825FA4F5500BABC1B /* Extensions */,
				B3A285F225FA4ECA00BABC1B /* Info.plist */,
				B3A2861925FA4F5C00BABC1B /* Models */,
				B3A2861A25FA4F6100BABC1B /* Resources */,
				B3A285E625FA4EC900BABC1B /* SceneDelegate.swift */,
				B3A2861B25FA4F6C00BABC1B /* Service */,
				B3A2861C25FA4F7400BABC1B /* UI */,
				B3A2861D25FA4F7900BABC1B /* ViewControllers */,
				B3A2861E25FA4F7F00BABC1B /* ViewModels */,
			);
			path = MyOpenWeather;
			sourceTree = "<group>";
		};
		B3A285FA25FA4ECA00BABC1B /* MyOpenWeatherTests */ = {
			isa = PBXGroup;
			children = (
				B3A285FB25FA4ECA00BABC1B /* MyOpenWeatherTests.swift */,
				B3A285FD25FA4ECA00BABC1B /* Info.plist */,
			);
			path = MyOpenWeatherTests;
			sourceTree = "<group>";
		};
		B3A2860525FA4ECA00BABC1B /* MyOpenWeatherUITests */ = {
			isa = PBXGroup;
			children = (
				B3A2860625FA4ECA00BABC1B /* MyOpenWeatherUITests.swift */,
				B3A2860825FA4ECA00BABC1B /* Info.plist */,
			);
			path = MyOpenWeatherUITests;
			sourceTree = "<group>";
		};
		B3A2861725FA4F4C00BABC1B /* Constants */ = {
			isa = PBXGroup;
			children = (
				B3A2862A25FA505500BABC1B /* Constants.swift */,
			);
			path = Constants;
			sourceTree = "<group>";
		};
		B3A2861825FA4F5500BABC1B /* Extensions */ = {
			isa = PBXGroup;
			children = (
				B3A2867825FA652A00BABC1B /* Date+Extensions.swift */,
				B3A2867525FA652A00BABC1B /* Double+Extensions.swift */,
				B3A2867625FA652A00BABC1B /* Int+Extensions.swift */,
				B3A2867425FA652A00BABC1B /* String+Extensions.swift */,
			);
			path = Extensions;
			sourceTree = "<group>";
		};
		B3A2861925FA4F5C00BABC1B /* Models */ = {
			isa = PBXGroup;
			children = (
				B3A2864825FA55D700BABC1B /* WeatherModel.swift */,
			);
			path = Models;
			sourceTree = "<group>";
		};
		B3A2861A25FA4F6100BABC1B /* Resources */ = {
			isa = PBXGroup;
			children = (
				B3A285ED25FA4ECA00BABC1B /* Assets.xcassets */,
			);
			path = Resources;
			sourceTree = "<group>";
		};
		B3A2861B25FA4F6C00BABC1B /* Service */ = {
			isa = PBXGroup;
			children = (
				B3A2864325FA556900BABC1B /* WeatherClient.swift */,
				B3A2864D25FA5BC500BABC1B /* Result.swift */,
				B3A2865225FA5BE400BABC1B /* APIClient.swift */,
				B3A2865725FA5C2400BABC1B /* EndPoint.swift */,
			);
			path = Service;
			sourceTree = "<group>";
		};
		B3A2861C25FA4F7400BABC1B /* UI */ = {
			isa = PBXGroup;
			children = (
				B3A285EF25FA4ECA00BABC1B /* LaunchScreen.storyboard */,
			);
			path = UI;
			sourceTree = "<group>";
		};
		B3A2861D25FA4F7900BABC1B /* ViewControllers */ = {
			isa = PBXGroup;
			children = (
				B3A285E825FA4EC900BABC1B /* RootViewController.swift */,
				B3A286A025FB830D00BABC1B /* RootViewController+UITableView.swift */,
				B3A286B325FBB2B100BABC1B /* RootViewController+UICollectionView.swift */,
			);
			path = ViewControllers;
			sourceTree = "<group>";
		};
		B3A2861E25FA4F7F00BABC1B /* ViewModels */ = {
			isa = PBXGroup;
			children = (
				B3A2862225FA4FCD00BABC1B /* RootViewModel.swift */,
				B3A2866C25FA630200BABC1B /* CurrentWeatherViewModel.swift */,
				B3A2869125FB65F300BABC1B /* HourlyForecastViewModel.swift */,
				B3A2869625FB662000BABC1B /* HourDetailViewModel.swift */,
				B3A2868125FB5F0700BABC1B /* DailyForecastViewModel.swift */,
				B3A2868625FB5F9200BABC1B /* DayDetailViewModel.swift */,
			);
			path = ViewModels;
			sourceTree = "<group>";
		};
		B3A2868B25FB623D00BABC1B /* Views */ = {
			isa = PBXGroup;
			children = (
				B3A286BD25FBB68F00BABC1B /* RootView.swift */,
				B3A286A525FB9CBB00BABC1B /* CurrentWeatherTableViewCell.swift */,
				B3A2869B25FB686200BABC1B /* HourlyForecastTableViewCell.swift */,
				B3A286B825FBB3A800BABC1B /* HourForecastCollectionViewCell.swift */,
				B3A2868C25FB625C00BABC1B /* DailyForecastTableViewCell.swift */,
				B3A286C225FBDCEE00BABC1B /* CustomUI.swift */,
			);
			path = Views;
			sourceTree = "<group>";
		};
		BE24720A99C4EC2B76B73C24 /* Pods */ = {
			isa = PBXGroup;
			children = (
				CC8C1A9E45452222AC10F1BE /* Pods-MyOpenWeather.debug.xcconfig */,
				576A4108B9AF965ED7308F4C /* Pods-MyOpenWeather.release.xcconfig */,
				24E7B9839396278037A6BA81 /* Pods-MyOpenWeather-MyOpenWeatherUITests.debug.xcconfig */,
				DCB7D27CEEA362A3A0109694 /* Pods-MyOpenWeather-MyOpenWeatherUITests.release.xcconfig */,
				74C2F1FC8CCEE97FC8BC4700 /* Pods-MyOpenWeatherTests.debug.xcconfig */,
				B9764CA83C7BC8D5543E267B /* Pods-MyOpenWeatherTests.release.xcconfig */,
			);
			path = Pods;
			sourceTree = "<group>";
		};
/* End PBXGroup section */

/* Begin PBXNativeTarget section */
		B3A285E025FA4EC900BABC1B /* MyOpenWeather */ = {
			isa = PBXNativeTarget;
			buildConfigurationList = B3A2860B25FA4ECA00BABC1B /* Build configuration list for PBXNativeTarget "MyOpenWeather" */;
			buildPhases = (
				491C022BB7322E52899251D3 /* [CP] Check Pods Manifest.lock */,
				B3A285DD25FA4EC900BABC1B /* Sources */,
				B3A285DE25FA4EC900BABC1B /* Frameworks */,
				B3A285DF25FA4EC900BABC1B /* Resources */,
				2A9736104C2513E5FAF21B14 /* [CP] Embed Pods Frameworks */,
			);
			buildRules = (
			);
			dependencies = (
			);
			name = MyOpenWeather;
			productName = MyOpenWeather;
			productReference = B3A285E125FA4EC900BABC1B /* MyOpenWeather.app */;
			productType = "com.apple.product-type.application";
		};
		B3A285F625FA4ECA00BABC1B /* MyOpenWeatherTests */ = {
			isa = PBXNativeTarget;
			buildConfigurationList = B3A2860E25FA4ECA00BABC1B /* Build configuration list for PBXNativeTarget "MyOpenWeatherTests" */;
			buildPhases = (
				3FE37B66C622F2E184DF4D65 /* [CP] Check Pods Manifest.lock */,
				B3A285F325FA4ECA00BABC1B /* Sources */,
				B3A285F425FA4ECA00BABC1B /* Frameworks */,
				B3A285F525FA4ECA00BABC1B /* Resources */,
			);
			buildRules = (
			);
			dependencies = (
				B3A285F925FA4ECA00BABC1B /* PBXTargetDependency */,
			);
			name = MyOpenWeatherTests;
			productName = MyOpenWeatherTests;
			productReference = B3A285F725FA4ECA00BABC1B /* MyOpenWeatherTests.xctest */;
			productType = "com.apple.product-type.bundle.unit-test";
		};
		B3A2860125FA4ECA00BABC1B /* MyOpenWeatherUITests */ = {
			isa = PBXNativeTarget;
			buildConfigurationList = B3A2861125FA4ECA00BABC1B /* Build configuration list for PBXNativeTarget "MyOpenWeatherUITests" */;
			buildPhases = (
				E6AC426EB16516ABFB9829C5 /* [CP] Check Pods Manifest.lock */,
				B3A285FE25FA4ECA00BABC1B /* Sources */,
				B3A285FF25FA4ECA00BABC1B /* Frameworks */,
				B3A2860025FA4ECA00BABC1B /* Resources */,
				53D8E9ADA7F92A3188461199 /* [CP] Embed Pods Frameworks */,
			);
			buildRules = (
			);
			dependencies = (
				B3A2860425FA4ECA00BABC1B /* PBXTargetDependency */,
			);
			name = MyOpenWeatherUITests;
			productName = MyOpenWeatherUITests;
			productReference = B3A2860225FA4ECA00BABC1B /* MyOpenWeatherUITests.xctest */;
			productType = "com.apple.product-type.bundle.ui-testing";
		};
/* End PBXNativeTarget section */

/* Begin PBXProject section */
		B3A285D925FA4EC900BABC1B /* Project object */ = {
			isa = PBXProject;
			attributes = {
				LastSwiftUpdateCheck = 1210;
				LastUpgradeCheck = 1210;
				TargetAttributes = {
					B3A285E025FA4EC900BABC1B = {
						CreatedOnToolsVersion = 12.1;
					};
					B3A285F625FA4ECA00BABC1B = {
						CreatedOnToolsVersion = 12.1;
						TestTargetID = B3A285E025FA4EC900BABC1B;
					};
					B3A2860125FA4ECA00BABC1B = {
						CreatedOnToolsVersion = 12.1;
						TestTargetID = B3A285E025FA4EC900BABC1B;
					};
				};
			};
			buildConfigurationList = B3A285DC25FA4EC900BABC1B /* Build configuration list for PBXProject "MyOpenWeather" */;
			compatibilityVersion = "Xcode 9.3";
			developmentRegion = en;
			hasScannedForEncodings = 0;
			knownRegions = (
				en,
				Base,
			);
			mainGroup = B3A285D825FA4EC900BABC1B;
			productRefGroup = B3A285E225FA4EC900BABC1B /* Products */;
			projectDirPath = "";
			projectRoot = "";
			targets = (
				B3A285E025FA4EC900BABC1B /* MyOpenWeather */,
				B3A285F625FA4ECA00BABC1B /* MyOpenWeatherTests */,
				B3A2860125FA4ECA00BABC1B /* MyOpenWeatherUITests */,
			);
		};
/* End PBXProject section */

/* Begin PBXResourcesBuildPhase section */
		B3A285DF25FA4EC900BABC1B /* Resources */ = {
			isa = PBXResourcesBuildPhase;
			buildActionMask = 2147483647;
			files = (
				B3A285F125FA4ECA00BABC1B /* LaunchScreen.storyboard in Resources */,
				B3A285EE25FA4ECA00BABC1B /* Assets.xcassets in Resources */,
			);
			runOnlyForDeploymentPostprocessing = 0;
		};
		B3A285F525FA4ECA00BABC1B /* Resources */ = {
			isa = PBXResourcesBuildPhase;
			buildActionMask = 2147483647;
			files = (
			);
			runOnlyForDeploymentPostprocessing = 0;
		};
		B3A2860025FA4ECA00BABC1B /* Resources */ = {
			isa = PBXResourcesBuildPhase;
			buildActionMask = 2147483647;
			files = (
			);
			runOnlyForDeploymentPostprocessing = 0;
		};
/* End PBXResourcesBuildPhase section */

/* Begin PBXShellScriptBuildPhase section */
		2A9736104C2513E5FAF21B14 /* [CP] Embed Pods Frameworks */ = {
			isa = PBXShellScriptBuildPhase;
			buildActionMask = 2147483647;
			files = (
			);
			inputFileListPaths = (
				"${PODS_ROOT}/Target Support Files/Pods-MyOpenWeather/Pods-MyOpenWeather-frameworks-${CONFIGURATION}-input-files.xcfilelist",
			);
			name = "[CP] Embed Pods Frameworks";
			outputFileListPaths = (
				"${PODS_ROOT}/Target Support Files/Pods-MyOpenWeather/Pods-MyOpenWeather-frameworks-${CONFIGURATION}-output-files.xcfilelist",
			);
			runOnlyForDeploymentPostprocessing = 0;
			shellPath = /bin/sh;
			shellScript = "\"${PODS_ROOT}/Target Support Files/Pods-MyOpenWeather/Pods-MyOpenWeather-frameworks.sh\"\n";
			showEnvVarsInLog = 0;
		};
		3FE37B66C622F2E184DF4D65 /* [CP] Check Pods Manifest.lock */ = {
			isa = PBXShellScriptBuildPhase;
			buildActionMask = 2147483647;
			files = (
			);
			inputFileListPaths = (
			);
			inputPaths = (
				"${PODS_PODFILE_DIR_PATH}/Podfile.lock",
				"${PODS_ROOT}/Manifest.lock",
			);
			name = "[CP] Check Pods Manifest.lock";
			outputFileListPaths = (
			);
			outputPaths = (
				"$(DERIVED_FILE_DIR)/Pods-MyOpenWeatherTests-checkManifestLockResult.txt",
			);
			runOnlyForDeploymentPostprocessing = 0;
			shellPath = /bin/sh;
			shellScript = "diff \"${PODS_PODFILE_DIR_PATH}/Podfile.lock\" \"${PODS_ROOT}/Manifest.lock\" > /dev/null\nif [ $? != 0 ] ; then\n    # print error to STDERR\n    echo \"error: The sandbox is not in sync with the Podfile.lock. Run 'pod install' or update your CocoaPods installation.\" >&2\n    exit 1\nfi\n# This output is used by Xcode 'outputs' to avoid re-running this script phase.\necho \"SUCCESS\" > \"${SCRIPT_OUTPUT_FILE_0}\"\n";
			showEnvVarsInLog = 0;
		};
		491C022BB7322E52899251D3 /* [CP] Check Pods Manifest.lock */ = {
			isa = PBXShellScriptBuildPhase;
			buildActionMask = 2147483647;
			files = (
			);
			inputFileListPaths = (
			);
			inputPaths = (
				"${PODS_PODFILE_DIR_PATH}/Podfile.lock",
				"${PODS_ROOT}/Manifest.lock",
			);
			name = "[CP] Check Pods Manifest.lock";
			outputFileListPaths = (
			);
			outputPaths = (
				"$(DERIVED_FILE_DIR)/Pods-MyOpenWeather-checkManifestLockResult.txt",
			);
			runOnlyForDeploymentPostprocessing = 0;
			shellPath = /bin/sh;
			shellScript = "diff \"${PODS_PODFILE_DIR_PATH}/Podfile.lock\" \"${PODS_ROOT}/Manifest.lock\" > /dev/null\nif [ $? != 0 ] ; then\n    # print error to STDERR\n    echo \"error: The sandbox is not in sync with the Podfile.lock. Run 'pod install' or update your CocoaPods installation.\" >&2\n    exit 1\nfi\n# This output is used by Xcode 'outputs' to avoid re-running this script phase.\necho \"SUCCESS\" > \"${SCRIPT_OUTPUT_FILE_0}\"\n";
			showEnvVarsInLog = 0;
		};
		53D8E9ADA7F92A3188461199 /* [CP] Embed Pods Frameworks */ = {
			isa = PBXShellScriptBuildPhase;
			buildActionMask = 2147483647;
			files = (
			);
			inputFileListPaths = (
				"${PODS_ROOT}/Target Support Files/Pods-MyOpenWeather-MyOpenWeatherUITests/Pods-MyOpenWeather-MyOpenWeatherUITests-frameworks-${CONFIGURATION}-input-files.xcfilelist",
			);
			name = "[CP] Embed Pods Frameworks";
			outputFileListPaths = (
				"${PODS_ROOT}/Target Support Files/Pods-MyOpenWeather-MyOpenWeatherUITests/Pods-MyOpenWeather-MyOpenWeatherUITests-frameworks-${CONFIGURATION}-output-files.xcfilelist",
			);
			runOnlyForDeploymentPostprocessing = 0;
			shellPath = /bin/sh;
			shellScript = "\"${PODS_ROOT}/Target Support Files/Pods-MyOpenWeather-MyOpenWeatherUITests/Pods-MyOpenWeather-MyOpenWeatherUITests-frameworks.sh\"\n";
			showEnvVarsInLog = 0;
		};
		E6AC426EB16516ABFB9829C5 /* [CP] Check Pods Manifest.lock */ = {
			isa = PBXShellScriptBuildPhase;
			buildActionMask = 2147483647;
			files = (
			);
			inputFileListPaths = (
			);
			inputPaths = (
				"${PODS_PODFILE_DIR_PATH}/Podfile.lock",
				"${PODS_ROOT}/Manifest.lock",
			);
			name = "[CP] Check Pods Manifest.lock";
			outputFileListPaths = (
			);
			outputPaths = (
				"$(DERIVED_FILE_DIR)/Pods-MyOpenWeather-MyOpenWeatherUITests-checkManifestLockResult.txt",
			);
			runOnlyForDeploymentPostprocessing = 0;
			shellPath = /bin/sh;
			shellScript = "diff \"${PODS_PODFILE_DIR_PATH}/Podfile.lock\" \"${PODS_ROOT}/Manifest.lock\" > /dev/null\nif [ $? != 0 ] ; then\n    # print error to STDERR\n    echo \"error: The sandbox is not in sync with the Podfile.lock. Run 'pod install' or update your CocoaPods installation.\" >&2\n    exit 1\nfi\n# This output is used by Xcode 'outputs' to avoid re-running this script phase.\necho \"SUCCESS\" > \"${SCRIPT_OUTPUT_FILE_0}\"\n";
			showEnvVarsInLog = 0;
		};
/* End PBXShellScriptBuildPhase section */

/* Begin PBXSourcesBuildPhase section */
		B3A285DD25FA4EC900BABC1B /* Sources */ = {
			isa = PBXSourcesBuildPhase;
			buildActionMask = 2147483647;
			files = (
				B3A2862B25FA505500BABC1B /* Constants.swift in Sources */,
				B3A285E925FA4EC900BABC1B /* RootViewController.swift in Sources */,
				B3A2866D25FA630200BABC1B /* CurrentWeatherViewModel.swift in Sources */,
				B3A286C325FBDCEE00BABC1B /* CustomUI.swift in Sources */,
				B3A2867B25FA652A00BABC1B /* Int+Extensions.swift in Sources */,
				B3A285E525FA4EC900BABC1B /* AppDelegate.swift in Sources */,
				B3A2869725FB662000BABC1B /* HourDetailViewModel.swift in Sources */,
				B3A286A125FB830D00BABC1B /* RootViewController+UITableView.swift in Sources */,
				B3A2867925FA652A00BABC1B /* String+Extensions.swift in Sources */,
				B3A286B425FBB2B100BABC1B /* RootViewController+UICollectionView.swift in Sources */,
				B3A2867A25FA652A00BABC1B /* Double+Extensions.swift in Sources */,
				B3A2868725FB5F9200BABC1B /* DayDetailViewModel.swift in Sources */,
				B3A286B925FBB3A800BABC1B /* HourForecastCollectionViewCell.swift in Sources */,
				B3A2862325FA4FCD00BABC1B /* RootViewModel.swift in Sources */,
				B3A286BE25FBB68F00BABC1B /* RootView.swift in Sources */,
				B3A2864425FA556900BABC1B /* WeatherClient.swift in Sources */,
				B3A2868D25FB625C00BABC1B /* DailyForecastTableViewCell.swift in Sources */,
				B3A2864E25FA5BC500BABC1B /* Result.swift in Sources */,
				B3A285E725FA4EC900BABC1B /* SceneDelegate.swift in Sources */,
				B3A2867D25FA652A00BABC1B /* Date+Extensions.swift in Sources */,
				B3A2869C25FB686200BABC1B /* HourlyForecastTableViewCell.swift in Sources */,
				B3A2868225FB5F0700BABC1B /* DailyForecastViewModel.swift in Sources */,
				B3A2865325FA5BE400BABC1B /* APIClient.swift in Sources */,
				B3A2865825FA5C2400BABC1B /* EndPoint.swift in Sources */,
				B3A2869225FB65F300BABC1B /* HourlyForecastViewModel.swift in Sources */,
				B3A286A625FB9CBB00BABC1B /* CurrentWeatherTableViewCell.swift in Sources */,
				B3A2864925FA55D700BABC1B /* WeatherModel.swift in Sources */,
			);
			runOnlyForDeploymentPostprocessing = 0;
		};
		B3A285F325FA4ECA00BABC1B /* Sources */ = {
			isa = PBXSourcesBuildPhase;
			buildActionMask = 2147483647;
			files = (
				B3A285FC25FA4ECA00BABC1B /* MyOpenWeatherTests.swift in Sources */,
			);
			runOnlyForDeploymentPostprocessing = 0;
		};
		B3A285FE25FA4ECA00BABC1B /* Sources */ = {
			isa = PBXSourcesBuildPhase;
			buildActionMask = 2147483647;
			files = (
				B3A2860725FA4ECA00BABC1B /* MyOpenWeatherUITests.swift in Sources */,
			);
			runOnlyForDeploymentPostprocessing = 0;
		};
/* End PBXSourcesBuildPhase section */

/* Begin PBXTargetDependency section */
		B3A285F925FA4ECA00BABC1B /* PBXTargetDependency */ = {
			isa = PBXTargetDependency;
			target = B3A285E025FA4EC900BABC1B /* MyOpenWeather */;
			targetProxy = B3A285F825FA4ECA00BABC1B /* PBXContainerItemProxy */;
		};
		B3A2860425FA4ECA00BABC1B /* PBXTargetDependency */ = {
			isa = PBXTargetDependency;
			target = B3A285E025FA4EC900BABC1B /* MyOpenWeather */;
			targetProxy = B3A2860325FA4ECA00BABC1B /* PBXContainerItemProxy */;
		};
/* End PBXTargetDependency section */

/* Begin PBXVariantGroup section */
		B3A285EF25FA4ECA00BABC1B /* LaunchScreen.storyboard */ = {
			isa = PBXVariantGroup;
			children = (
				B3A285F025FA4ECA00BABC1B /* Base */,
			);
			name = LaunchScreen.storyboard;
			sourceTree = "<group>";
		};
/* End PBXVariantGroup section */

/* Begin XCBuildConfiguration section */
		B3A2860925FA4ECA00BABC1B /* Debug */ = {
			isa = XCBuildConfiguration;
			buildSettings = {
				ALWAYS_SEARCH_USER_PATHS = NO;
				CLANG_ANALYZER_NONNULL = YES;
				CLANG_ANALYZER_NUMBER_OBJECT_CONVERSION = YES_AGGRESSIVE;
				CLANG_CXX_LANGUAGE_STANDARD = "gnu++14";
				CLANG_CXX_LIBRARY = "libc++";
				CLANG_ENABLE_MODULES = YES;
				CLANG_ENABLE_OBJC_ARC = YES;
				CLANG_ENABLE_OBJC_WEAK = YES;
				CLANG_WARN_BLOCK_CAPTURE_AUTORELEASING = YES;
				CLANG_WARN_BOOL_CONVERSION = YES;
				CLANG_WARN_COMMA = YES;
				CLANG_WARN_CONSTANT_CONVERSION = YES;
				CLANG_WARN_DEPRECATED_OBJC_IMPLEMENTATIONS = YES;
				CLANG_WARN_DIRECT_OBJC_ISA_USAGE = YES_ERROR;
				CLANG_WARN_DOCUMENTATION_COMMENTS = YES;
				CLANG_WARN_EMPTY_BODY = YES;
				CLANG_WARN_ENUM_CONVERSION = YES;
				CLANG_WARN_INFINITE_RECURSION = YES;
				CLANG_WARN_INT_CONVERSION = YES;
				CLANG_WARN_NON_LITERAL_NULL_CONVERSION = YES;
				CLANG_WARN_OBJC_IMPLICIT_RETAIN_SELF = YES;
				CLANG_WARN_OBJC_LITERAL_CONVERSION = YES;
				CLANG_WARN_OBJC_ROOT_CLASS = YES_ERROR;
				CLANG_WARN_QUOTED_INCLUDE_IN_FRAMEWORK_HEADER = YES;
				CLANG_WARN_RANGE_LOOP_ANALYSIS = YES;
				CLANG_WARN_STRICT_PROTOTYPES = YES;
				CLANG_WARN_SUSPICIOUS_MOVE = YES;
				CLANG_WARN_UNGUARDED_AVAILABILITY = YES_AGGRESSIVE;
				CLANG_WARN_UNREACHABLE_CODE = YES;
				CLANG_WARN__DUPLICATE_METHOD_MATCH = YES;
				COPY_PHASE_STRIP = NO;
				DEBUG_INFORMATION_FORMAT = dwarf;
				ENABLE_STRICT_OBJC_MSGSEND = YES;
				ENABLE_TESTABILITY = YES;
				GCC_C_LANGUAGE_STANDARD = gnu11;
				GCC_DYNAMIC_NO_PIC = NO;
				GCC_NO_COMMON_BLOCKS = YES;
				GCC_OPTIMIZATION_LEVEL = 0;
				GCC_PREPROCESSOR_DEFINITIONS = (
					"DEBUG=1",
					"$(inherited)",
				);
				GCC_WARN_64_TO_32_BIT_CONVERSION = YES;
				GCC_WARN_ABOUT_RETURN_TYPE = YES_ERROR;
				GCC_WARN_UNDECLARED_SELECTOR = YES;
				GCC_WARN_UNINITIALIZED_AUTOS = YES_AGGRESSIVE;
				GCC_WARN_UNUSED_FUNCTION = YES;
				GCC_WARN_UNUSED_VARIABLE = YES;
				IPHONEOS_DEPLOYMENT_TARGET = 14.1;
				MTL_ENABLE_DEBUG_INFO = INCLUDE_SOURCE;
				MTL_FAST_MATH = YES;
				ONLY_ACTIVE_ARCH = YES;
				SDKROOT = iphoneos;
				SWIFT_ACTIVE_COMPILATION_CONDITIONS = DEBUG;
				SWIFT_OPTIMIZATION_LEVEL = "-Onone";
			};
			name = Debug;
		};
		B3A2860A25FA4ECA00BABC1B /* Release */ = {
			isa = XCBuildConfiguration;
			buildSettings = {
				ALWAYS_SEARCH_USER_PATHS = NO;
				CLANG_ANALYZER_NONNULL = YES;
				CLANG_ANALYZER_NUMBER_OBJECT_CONVERSION = YES_AGGRESSIVE;
				CLANG_CXX_LANGUAGE_STANDARD = "gnu++14";
				CLANG_CXX_LIBRARY = "libc++";
				CLANG_ENABLE_MODULES = YES;
				CLANG_ENABLE_OBJC_ARC = YES;
				CLANG_ENABLE_OBJC_WEAK = YES;
				CLANG_WARN_BLOCK_CAPTURE_AUTORELEASING = YES;
				CLANG_WARN_BOOL_CONVERSION = YES;
				CLANG_WARN_COMMA = YES;
				CLANG_WARN_CONSTANT_CONVERSION = YES;
				CLANG_WARN_DEPRECATED_OBJC_IMPLEMENTATIONS = YES;
				CLANG_WARN_DIRECT_OBJC_ISA_USAGE = YES_ERROR;
				CLANG_WARN_DOCUMENTATION_COMMENTS = YES;
				CLANG_WARN_EMPTY_BODY = YES;
				CLANG_WARN_ENUM_CONVERSION = YES;
				CLANG_WARN_INFINITE_RECURSION = YES;
				CLANG_WARN_INT_CONVERSION = YES;
				CLANG_WARN_NON_LITERAL_NULL_CONVERSION = YES;
				CLANG_WARN_OBJC_IMPLICIT_RETAIN_SELF = YES;
				CLANG_WARN_OBJC_LITERAL_CONVERSION = YES;
				CLANG_WARN_OBJC_ROOT_CLASS = YES_ERROR;
				CLANG_WARN_QUOTED_INCLUDE_IN_FRAMEWORK_HEADER = YES;
				CLANG_WARN_RANGE_LOOP_ANALYSIS = YES;
				CLANG_WARN_STRICT_PROTOTYPES = YES;
				CLANG_WARN_SUSPICIOUS_MOVE = YES;
				CLANG_WARN_UNGUARDED_AVAILABILITY = YES_AGGRESSIVE;
				CLANG_WARN_UNREACHABLE_CODE = YES;
				CLANG_WARN__DUPLICATE_METHOD_MATCH = YES;
				COPY_PHASE_STRIP = NO;
				DEBUG_INFORMATION_FORMAT = "dwarf-with-dsym";
				ENABLE_NS_ASSERTIONS = NO;
				ENABLE_STRICT_OBJC_MSGSEND = YES;
				GCC_C_LANGUAGE_STANDARD = gnu11;
				GCC_NO_COMMON_BLOCKS = YES;
				GCC_WARN_64_TO_32_BIT_CONVERSION = YES;
				GCC_WARN_ABOUT_RETURN_TYPE = YES_ERROR;
				GCC_WARN_UNDECLARED_SELECTOR = YES;
				GCC_WARN_UNINITIALIZED_AUTOS = YES_AGGRESSIVE;
				GCC_WARN_UNUSED_FUNCTION = YES;
				GCC_WARN_UNUSED_VARIABLE = YES;
				IPHONEOS_DEPLOYMENT_TARGET = 14.1;
				MTL_ENABLE_DEBUG_INFO = NO;
				MTL_FAST_MATH = YES;
				SDKROOT = iphoneos;
				SWIFT_COMPILATION_MODE = wholemodule;
				SWIFT_OPTIMIZATION_LEVEL = "-O";
				VALIDATE_PRODUCT = YES;
			};
			name = Release;
		};
		B3A2860C25FA4ECA00BABC1B /* Debug */ = {
			isa = XCBuildConfiguration;
			baseConfigurationReference = CC8C1A9E45452222AC10F1BE /* Pods-MyOpenWeather.debug.xcconfig */;
			buildSettings = {
				ASSETCATALOG_COMPILER_APPICON_NAME = AppIcon;
				ASSETCATALOG_COMPILER_GLOBAL_ACCENT_COLOR_NAME = AccentColor;
				CODE_SIGN_STYLE = Automatic;
				INFOPLIST_FILE = MyOpenWeather/Info.plist;
				LD_RUNPATH_SEARCH_PATHS = (
					"$(inherited)",
					"@executable_path/Frameworks",
				);
				PRODUCT_BUNDLE_IDENTIFIER = Tran.MyOpenWeather;
				PRODUCT_NAME = "$(TARGET_NAME)";
				SWIFT_VERSION = 5.0;
				TARGETED_DEVICE_FAMILY = "1,2";
			};
			name = Debug;
		};
		B3A2860D25FA4ECA00BABC1B /* Release */ = {
			isa = XCBuildConfiguration;
			baseConfigurationReference = 576A4108B9AF965ED7308F4C /* Pods-MyOpenWeather.release.xcconfig */;
			buildSettings = {
				ASSETCATALOG_COMPILER_APPICON_NAME = AppIcon;
				ASSETCATALOG_COMPILER_GLOBAL_ACCENT_COLOR_NAME = AccentColor;
				CODE_SIGN_STYLE = Automatic;
				INFOPLIST_FILE = MyOpenWeather/Info.plist;
				LD_RUNPATH_SEARCH_PATHS = (
					"$(inherited)",
					"@executable_path/Frameworks",
				);
				PRODUCT_BUNDLE_IDENTIFIER = Tran.MyOpenWeather;
				PRODUCT_NAME = "$(TARGET_NAME)";
				SWIFT_VERSION = 5.0;
				TARGETED_DEVICE_FAMILY = "1,2";
			};
			name = Release;
		};
		B3A2860F25FA4ECA00BABC1B /* Debug */ = {
			isa = XCBuildConfiguration;
			baseConfigurationReference = 74C2F1FC8CCEE97FC8BC4700 /* Pods-MyOpenWeatherTests.debug.xcconfig */;
			buildSettings = {
				ALWAYS_EMBED_SWIFT_STANDARD_LIBRARIES = YES;
				BUNDLE_LOADER = "$(TEST_HOST)";
				CODE_SIGN_STYLE = Automatic;
				INFOPLIST_FILE = MyOpenWeatherTests/Info.plist;
				IPHONEOS_DEPLOYMENT_TARGET = 14.1;
				LD_RUNPATH_SEARCH_PATHS = (
					"$(inherited)",
					"@executable_path/Frameworks",
					"@loader_path/Frameworks",
				);
				PRODUCT_BUNDLE_IDENTIFIER = Tran.MyOpenWeatherTests;
				PRODUCT_NAME = "$(TARGET_NAME)";
				SWIFT_VERSION = 5.0;
				TARGETED_DEVICE_FAMILY = "1,2";
				TEST_HOST = "$(BUILT_PRODUCTS_DIR)/MyOpenWeather.app/MyOpenWeather";
			};
			name = Debug;
		};
		B3A2861025FA4ECA00BABC1B /* Release */ = {
			isa = XCBuildConfiguration;
			baseConfigurationReference = B9764CA83C7BC8D5543E267B /* Pods-MyOpenWeatherTests.release.xcconfig */;
			buildSettings = {
				ALWAYS_EMBED_SWIFT_STANDARD_LIBRARIES = YES;
				BUNDLE_LOADER = "$(TEST_HOST)";
				CODE_SIGN_STYLE = Automatic;
				INFOPLIST_FILE = MyOpenWeatherTests/Info.plist;
				IPHONEOS_DEPLOYMENT_TARGET = 14.1;
				LD_RUNPATH_SEARCH_PATHS = (
					"$(inherited)",
					"@executable_path/Frameworks",
					"@loader_path/Frameworks",
				);
				PRODUCT_BUNDLE_IDENTIFIER = Tran.MyOpenWeatherTests;
				PRODUCT_NAME = "$(TARGET_NAME)";
				SWIFT_VERSION = 5.0;
				TARGETED_DEVICE_FAMILY = "1,2";
				TEST_HOST = "$(BUILT_PRODUCTS_DIR)/MyOpenWeather.app/MyOpenWeather";
			};
			name = Release;
		};
		B3A2861225FA4ECA00BABC1B /* Debug */ = {
			isa = XCBuildConfiguration;
			baseConfigurationReference = 24E7B9839396278037A6BA81 /* Pods-MyOpenWeather-MyOpenWeatherUITests.debug.xcconfig */;
			buildSettings = {
				ALWAYS_EMBED_SWIFT_STANDARD_LIBRARIES = YES;
				CODE_SIGN_STYLE = Automatic;
				INFOPLIST_FILE = MyOpenWeatherUITests/Info.plist;
				LD_RUNPATH_SEARCH_PATHS = (
					"$(inherited)",
					"@executable_path/Frameworks",
					"@loader_path/Frameworks",
				);
				PRODUCT_BUNDLE_IDENTIFIER = Tran.MyOpenWeatherUITests;
				PRODUCT_NAME = "$(TARGET_NAME)";
				SWIFT_VERSION = 5.0;
				TARGETED_DEVICE_FAMILY = "1,2";
				TEST_TARGET_NAME = MyOpenWeather;
			};
			name = Debug;
		};
		B3A2861325FA4ECA00BABC1B /* Release */ = {
			isa = XCBuildConfiguration;
			baseConfigurationReference = DCB7D27CEEA362A3A0109694 /* Pods-MyOpenWeather-MyOpenWeatherUITests.release.xcconfig */;
			buildSettings = {
				ALWAYS_EMBED_SWIFT_STANDARD_LIBRARIES = YES;
				CODE_SIGN_STYLE = Automatic;
				INFOPLIST_FILE = MyOpenWeatherUITests/Info.plist;
				LD_RUNPATH_SEARCH_PATHS = (
					"$(inherited)",
					"@executable_path/Frameworks",
					"@loader_path/Frameworks",
				);
				PRODUCT_BUNDLE_IDENTIFIER = Tran.MyOpenWeatherUITests;
				PRODUCT_NAME = "$(TARGET_NAME)";
				SWIFT_VERSION = 5.0;
				TARGETED_DEVICE_FAMILY = "1,2";
				TEST_TARGET_NAME = MyOpenWeather;
			};
			name = Release;
		};
/* End XCBuildConfiguration section */

/* Begin XCConfigurationList section */
		B3A285DC25FA4EC900BABC1B /* Build configuration list for PBXProject "MyOpenWeather" */ = {
			isa = XCConfigurationList;
			buildConfigurations = (
				B3A2860925FA4ECA00BABC1B /* Debug */,
				B3A2860A25FA4ECA00BABC1B /* Release */,
			);
			defaultConfigurationIsVisible = 0;
			defaultConfigurationName = Release;
		};
		B3A2860B25FA4ECA00BABC1B /* Build configuration list for PBXNativeTarget "MyOpenWeather" */ = {
			isa = XCConfigurationList;
			buildConfigurations = (
				B3A2860C25FA4ECA00BABC1B /* Debug */,
				B3A2860D25FA4ECA00BABC1B /* Release */,
			);
			defaultConfigurationIsVisible = 0;
			defaultConfigurationName = Release;
		};
		B3A2860E25FA4ECA00BABC1B /* Build configuration list for PBXNativeTarget "MyOpenWeatherTests" */ = {
			isa = XCConfigurationList;
			buildConfigurations = (
				B3A2860F25FA4ECA00BABC1B /* Debug */,
				B3A2861025FA4ECA00BABC1B /* Release */,
			);
			defaultConfigurationIsVisible = 0;
			defaultConfigurationName = Release;
		};
		B3A2861125FA4ECA00BABC1B /* Build configuration list for PBXNativeTarget "MyOpenWeatherUITests" */ = {
			isa = XCConfigurationList;
			buildConfigurations = (
				B3A2861225FA4ECA00BABC1B /* Debug */,
				B3A2861325FA4ECA00BABC1B /* Release */,
			);
			defaultConfigurationIsVisible = 0;
			defaultConfigurationName = Release;
		};
/* End XCConfigurationList section */
	};
	rootObject = B3A285D925FA4EC900BABC1B /* Project object */;
}
